
Microsoft Visual Studio Solution File, Format Version 12.00
# Visual Studio Version 17
VisualStudioVersion = 17.5.33424.131
MinimumVisualStudioVersion = 10.0.40219.1
Project("{FAE04EC0-301F-11D3-BF4B-00C04F79EFBC}") = "hello-input", "ch-1-2-exercises-data-types\hello-input.csproj", "{1408C2AD-ADBE-4C99-BF7C-34047FB55575}"
EndProject
Project("{FAE04EC0-301F-11D3-BF4B-00C04F79EFBC}") = "numeric-types", "numeric-types\numeric-types.csproj", "{2AA0A5B2-9177-49E3-B440-29269B3B3295}"
EndProject
Global
	GlobalSection(SolutionConfigurationPlatforms) = preSolution
		Debug|Any CPU = Debug|Any CPU
		Release|Any CPU = Release|Any CPU
	EndGlobalSection
	GlobalSection(ProjectConfigurationPlatforms) = postSolution
		{1408C2AD-ADBE-4C99-BF7C-34047FB55575}.Debug|Any CPU.ActiveCfg = Debug|Any CPU
		{1408C2AD-ADBE-4C99-BF7C-34047FB55575}.Debug|Any CPU.Build.0 = Debug|Any CPU
		{1408C2AD-ADBE-4C99-BF7C-34047FB55575}.Release|Any CPU.ActiveCfg = Release|Any CPU
		{1408C2AD-ADBE-4C99-BF7C-34047FB55575}.Release|Any CPU.Build.0 = Release|Any CPU
		{2AA0A5B2-9177-49E3-B440-29269B3B3295}.Debug|Any CPU.ActiveCfg = Debug|Any CPU
		{2AA0A5B2-9177-49E3-B440-29269B3B3295}.Debug|Any CPU.Build.0 = Debug|Any CPU
		{2AA0A5B2-9177-49E3-B440-29269B3B3295}.Release|Any CPU.ActiveCfg = Release|Any CPU
		{2AA0A5B2-9177-49E3-B440-29269B3B3295}.Release|Any CPU.Build.0 = Release|Any CPU
	EndGlobalSection
	GlobalSection(SolutionProperties) = preSolution
		HideSolutionNode = FALSE
	EndGlobalSection
	GlobalSection(ExtensibilityGlobals) = postSolution
		SolutionGuid = {B11F293B-3D2B-4B82-ACB2-CE94220C3E09}
	EndGlobalSection
EndGlobal
